
Microsoft Visual Studio Solution File, Format Version 12.00
# Visual Studio Version 16
VisualStudioVersion = 16.0.30523.141
MinimumVisualStudioVersion = 10.0.40219.1
Project("{FAE04EC0-301F-11D3-BF4B-00C04F79EFBC}") = "Auth", "Auth\Auth.csproj", "{86155D0F-DB92-41E1-B3DB-1839B1ED04C6}"
EndProject
Global
	GlobalSection(SolutionConfigurationPlatforms) = preSolution
		Debug|Any CPU = Debug|Any CPU
		Release|Any CPU = Release|Any CPU
	EndGlobalSection
	GlobalSection(ProjectConfigurationPlatforms) = postSolution
		{86155D0F-DB92-41E1-B3DB-1839B1ED04C6}.Debug|Any CPU.ActiveCfg = Debug|Any CPU
		{86155D0F-DB92-41E1-B3DB-1839B1ED04C6}.Debug|Any CPU.Build.0 = Debug|Any CPU
		{86155D0F-DB92-41E1-B3DB-1839B1ED04C6}.Release|Any CPU.ActiveCfg = Release|Any CPU
		{86155D0F-DB92-41E1-B3DB-1839B1ED04C6}.Release|Any CPU.Build.0 = Release|Any CPU
	EndGlobalSection
	GlobalSection(SolutionProperties) = preSolution
		HideSolutionNode = FALSE
	EndGlobalSection
	GlobalSection(ExtensibilityGlobals) = postSolution
		SolutionGuid = {91A4BA79-1621-4A42-B264-2ED1917C91AA}
	EndGlobalSection
EndGlobal
